
Microsoft Visual Studio Solution File, Format Version 12.00
# Visual Studio Version 17
VisualStudioVersion = 17.9.34616.47
MinimumVisualStudioVersion = 10.0.40219.1
Project("{FAE04EC0-301F-11D3-BF4B-00C04F79EFBC}") = "Bakalárska__práca", "Bakalárska__práca\Bakalárska__práca\Bakalárska__práca.csproj", "{8205291B-1D8D-4A41-BF54-807559EC03BE}"
EndProject
Project("{FAE04EC0-301F-11D3-BF4B-00C04F79EFBC}") = "Bakalárska__práca.Client", "Bakalárska__práca\Bakalárska__práca.Client\Bakalárska__práca.Client.csproj", "{3F1967AF-73BD-459D-A44E-2EE38C0AAFF0}"
EndProject
Global
	GlobalSection(SolutionConfigurationPlatforms) = preSolution
		Debug|Any CPU = Debug|Any CPU
		Release|Any CPU = Release|Any CPU
	EndGlobalSection
	GlobalSection(ProjectConfigurationPlatforms) = postSolution
		{8205291B-1D8D-4A41-BF54-807559EC03BE}.Debug|Any CPU.ActiveCfg = Debug|Any CPU
		{8205291B-1D8D-4A41-BF54-807559EC03BE}.Debug|Any CPU.Build.0 = Debug|Any CPU
		{8205291B-1D8D-4A41-BF54-807559EC03BE}.Release|Any CPU.ActiveCfg = Release|Any CPU
		{8205291B-1D8D-4A41-BF54-807559EC03BE}.Release|Any CPU.Build.0 = Release|Any CPU
		{3F1967AF-73BD-459D-A44E-2EE38C0AAFF0}.Debug|Any CPU.ActiveCfg = Debug|Any CPU
		{3F1967AF-73BD-459D-A44E-2EE38C0AAFF0}.Debug|Any CPU.Build.0 = Debug|Any CPU
		{3F1967AF-73BD-459D-A44E-2EE38C0AAFF0}.Release|Any CPU.ActiveCfg = Release|Any CPU
		{3F1967AF-73BD-459D-A44E-2EE38C0AAFF0}.Release|Any CPU.Build.0 = Release|Any CPU
	EndGlobalSection
	GlobalSection(SolutionProperties) = preSolution
		HideSolutionNode = FALSE
	EndGlobalSection
	GlobalSection(ExtensibilityGlobals) = postSolution
		SolutionGuid = {44610E90-2F59-4F7B-8C3A-47F3F253DF76}
	EndGlobalSection
EndGlobal
